
Microsoft Visual Studio Solution File, Format Version 12.00
# Visual Studio 15
VisualStudioVersion = 15.0.28307.852
MinimumVisualStudioVersion = 10.0.40219.1
Project("{FAE04EC0-301F-11D3-BF4B-00C04F79EFBC}") = "coffe_shop", "coffe_shop\coffe_shop.csproj", "{D1BB95EF-76A8-4008-9933-C1D802F2E2E8}"
EndProject
Global
	GlobalSection(SolutionConfigurationPlatforms) = preSolution
		Debug|Any CPU = Debug|Any CPU
		Release|Any CPU = Release|Any CPU
	EndGlobalSection
	GlobalSection(ProjectConfigurationPlatforms) = postSolution
		{D1BB95EF-76A8-4008-9933-C1D802F2E2E8}.Debug|Any CPU.ActiveCfg = Debug|Any CPU
		{D1BB95EF-76A8-4008-9933-C1D802F2E2E8}.Debug|Any CPU.Build.0 = Debug|Any CPU
		{D1BB95EF-76A8-4008-9933-C1D802F2E2E8}.Release|Any CPU.ActiveCfg = Release|Any CPU
		{D1BB95EF-76A8-4008-9933-C1D802F2E2E8}.Release|Any CPU.Build.0 = Release|Any CPU
	EndGlobalSection
	GlobalSection(SolutionProperties) = preSolution
		HideSolutionNode = FALSE
	EndGlobalSection
	GlobalSection(ExtensibilityGlobals) = postSolution
		SolutionGuid = {8CCB8FE0-C089-488F-A6EF-CDE2E62C7ED8}
	EndGlobalSection
EndGlobal
